
Microsoft Visual Studio Solution File, Format Version 12.00
# Visual Studio Version 16
VisualStudioVersion = 16.0.32630.194
MinimumVisualStudioVersion = 10.0.40219.1
Project("{8BC9CEB8-8B4A-11D0-8D11-00A0C91BC942}") = "GraphicMFC_KDY", "GraphicMFC_KDY\GraphicMFC_KDY.vcxproj", "{EC1A313D-B6ED-426E-930B-8B4909D106A1}"
EndProject
Global
	GlobalSection(SolutionConfigurationPlatforms) = preSolution
		Debug|x64 = Debug|x64
		Debug|x86 = Debug|x86
		Release|x64 = Release|x64
		Release|x86 = Release|x86
	EndGlobalSection
	GlobalSection(ProjectConfigurationPlatforms) = postSolution
		{EC1A313D-B6ED-426E-930B-8B4909D106A1}.Debug|x64.ActiveCfg = Debug|x64
		{EC1A313D-B6ED-426E-930B-8B4909D106A1}.Debug|x64.Build.0 = Debug|x64
		{EC1A313D-B6ED-426E-930B-8B4909D106A1}.Debug|x86.ActiveCfg = Debug|Win32
		{EC1A313D-B6ED-426E-930B-8B4909D106A1}.Debug|x86.Build.0 = Debug|Win32
		{EC1A313D-B6ED-426E-930B-8B4909D106A1}.Release|x64.ActiveCfg = Release|x64
		{EC1A313D-B6ED-426E-930B-8B4909D106A1}.Release|x64.Build.0 = Release|x64
		{EC1A313D-B6ED-426E-930B-8B4909D106A1}.Release|x86.ActiveCfg = Release|Win32
		{EC1A313D-B6ED-426E-930B-8B4909D106A1}.Release|x86.Build.0 = Release|Win32
	EndGlobalSection
	GlobalSection(SolutionProperties) = preSolution
		HideSolutionNode = FALSE
	EndGlobalSection
	GlobalSection(ExtensibilityGlobals) = postSolution
		SolutionGuid = {61F9B514-9E8F-4AB5-B930-1CDBFFED8ED2}
	EndGlobalSection
EndGlobal
